
Microsoft Visual Studio Solution File, Format Version 12.00
# Visual Studio Version 17
VisualStudioVersion = 17.8.34330.188
MinimumVisualStudioVersion = 10.0.40219.1
Project("{9A19103F-16F7-4668-BE54-9A1E7A4F7556}") = "PetShopServer.WebApi", "PetShopServer\PetShopServer.WebApi.csproj", "{57A61350-D233-4D9E-8A40-FB31181F403A}"
EndProject
Project("{FAE04EC0-301F-11D3-BF4B-00C04F79EFBC}") = "PetShopServer.DAL", "PetShopServer.DAL\PetShopServer.DAL.csproj", "{896EF422-2B0F-4C04-B827-2B0B939DAECE}"
EndProject
Project("{FAE04EC0-301F-11D3-BF4B-00C04F79EFBC}") = "PetShopServer.BL", "PetShopServer.BL\PetShopServer.BL.csproj", "{4CA30C5E-2675-4FF2-93B3-FBA1FC4F07F1}"
EndProject
Global
	GlobalSection(SolutionConfigurationPlatforms) = preSolution
		Debug|Any CPU = Debug|Any CPU
		Release|Any CPU = Release|Any CPU
	EndGlobalSection
	GlobalSection(ProjectConfigurationPlatforms) = postSolution
		{57A61350-D233-4D9E-8A40-FB31181F403A}.Debug|Any CPU.ActiveCfg = Debug|Any CPU
		{57A61350-D233-4D9E-8A40-FB31181F403A}.Debug|Any CPU.Build.0 = Debug|Any CPU
		{57A61350-D233-4D9E-8A40-FB31181F403A}.Release|Any CPU.ActiveCfg = Release|Any CPU
		{57A61350-D233-4D9E-8A40-FB31181F403A}.Release|Any CPU.Build.0 = Release|Any CPU
		{896EF422-2B0F-4C04-B827-2B0B939DAECE}.Debug|Any CPU.ActiveCfg = Debug|Any CPU
		{896EF422-2B0F-4C04-B827-2B0B939DAECE}.Debug|Any CPU.Build.0 = Debug|Any CPU
		{896EF422-2B0F-4C04-B827-2B0B939DAECE}.Release|Any CPU.ActiveCfg = Release|Any CPU
		{896EF422-2B0F-4C04-B827-2B0B939DAECE}.Release|Any CPU.Build.0 = Release|Any CPU
		{4CA30C5E-2675-4FF2-93B3-FBA1FC4F07F1}.Debug|Any CPU.ActiveCfg = Debug|Any CPU
		{4CA30C5E-2675-4FF2-93B3-FBA1FC4F07F1}.Debug|Any CPU.Build.0 = Debug|Any CPU
		{4CA30C5E-2675-4FF2-93B3-FBA1FC4F07F1}.Release|Any CPU.ActiveCfg = Release|Any CPU
		{4CA30C5E-2675-4FF2-93B3-FBA1FC4F07F1}.Release|Any CPU.Build.0 = Release|Any CPU
	EndGlobalSection
	GlobalSection(SolutionProperties) = preSolution
		HideSolutionNode = FALSE
	EndGlobalSection
	GlobalSection(ExtensibilityGlobals) = postSolution
		SolutionGuid = {5AD382DC-0F66-463F-82FF-AB2081791C48}
	EndGlobalSection
EndGlobal
